
Microsoft Visual Studio Solution File, Format Version 12.00
# Visual Studio Version 16
VisualStudioVersion = 16.0.29709.97
MinimumVisualStudioVersion = 10.0.40219.1
Project("{FAE04EC0-301F-11D3-BF4B-00C04F79EFBC}") = "Igra322", "Igra322\Igra322.csproj", "{B4ADAF9B-ADD5-4F36-B00B-193F20D24D26}"
EndProject
Global
	GlobalSection(SolutionConfigurationPlatforms) = preSolution
		Debug|Any CPU = Debug|Any CPU
		Release|Any CPU = Release|Any CPU
	EndGlobalSection
	GlobalSection(ProjectConfigurationPlatforms) = postSolution
		{B4ADAF9B-ADD5-4F36-B00B-193F20D24D26}.Debug|Any CPU.ActiveCfg = Debug|Any CPU
		{B4ADAF9B-ADD5-4F36-B00B-193F20D24D26}.Debug|Any CPU.Build.0 = Debug|Any CPU
		{B4ADAF9B-ADD5-4F36-B00B-193F20D24D26}.Release|Any CPU.ActiveCfg = Release|Any CPU
		{B4ADAF9B-ADD5-4F36-B00B-193F20D24D26}.Release|Any CPU.Build.0 = Release|Any CPU
	EndGlobalSection
	GlobalSection(SolutionProperties) = preSolution
		HideSolutionNode = FALSE
	EndGlobalSection
	GlobalSection(ExtensibilityGlobals) = postSolution
		SolutionGuid = {31848BEF-F7D8-4A24-A20D-C5645C884B71}
	EndGlobalSection
EndGlobal
